<?xml version="1.0" encoding="utf-8"?>
<Project ToolsVersion="4.0" xmlns="http://schemas.microsoft.com/developer/msbuild/2003">
  <ItemGroup>
    <Filter Include="Source Files">
      <UniqueIdentifier>{4FC737F1-C7A5-4376-A066-2A32D752A2FF}</UniqueIdentifier>
      <Extensions>cpp;c;cc;cxx;def;odl;idl;hpj;bat;asm;asmx</Extensions>
    </Filter>
    <Filter Include="Header Files">
      <UniqueIdentifier>{93995380-89BD-4b04-88EB-625FBE52EBFB}</UniqueIdentifier>
      <Extensions>h;hh;hpp;hxx;hm;inl;inc;xsd</Extensions>
    </Filter>
    <Filter Include="Resource Files">
      <UniqueIdentifier>{67DA6AB6-F800-4c08-8B7A-83BB121AAD01}</UniqueIdentifier>
      <Extensions>rc;ico;cur;bmp;dlg;rc2;rct;bin;rgs;gif;jpg;jpeg;jpe;resx;tiff;tif;png;wav;mfcribbon-ms</Extensions>
    </Filter>
    <Filter Include="Source Files\Lacewing">
      <UniqueIdentifier>{c08189f6-b061-43e6-8b88-41d44ebb9bb6}</UniqueIdentifier>
    </Filter>
    <Filter Include="Source Files\Lacewing\src">
      <UniqueIdentifier>{29b54f1b-8105-4f68-9c70-d2cf7720a0c9}</UniqueIdentifier>
    </Filter>
    <Filter Include="Source Files\Lacewing\src\cxx">
      <UniqueIdentifier>{aad9ee9f-2205-4676-a1ff-9a2e88937952}</UniqueIdentifier>
    </Filter>
    <Filter Include="Source Files\Lacewing\src\windows">
      <UniqueIdentifier>{d6eadf5c-9fe1-4824-a32f-07c40bf2b33f}</UniqueIdentifier>
    </Filter>
    <Filter Include="Header Files\Lacewing">
      <UniqueIdentifier>{b9f4f187-4495-440c-a4aa-4ddd1a68aff3}</UniqueIdentifier>
    </Filter>
    <Filter Include="Header Files\Lacewing\src">
      <UniqueIdentifier>{65391821-4dd3-4f50-b2c1-2b945b9b0738}</UniqueIdentifier>
    </Filter>
    <Filter Include="Header Files\Lacewing\src\windows">
      <UniqueIdentifier>{62f4f2e8-f164-4959-9417-881b87c8e319}</UniqueIdentifier>
    </Filter>
    <Filter Include="Source Files\Lacewing\src\webserver">
      <UniqueIdentifier>{8ce457f5-3810-4092-aff7-754509f89bcd}</UniqueIdentifier>
    </Filter>
    <Filter Include="Source Files\Lacewing\src\webserver\http">
      <UniqueIdentifier>{f0893cfd-3092-453e-a4b9-23128748ab8d}</UniqueIdentifier>
    </Filter>
    <Filter Include="Header Files\Lacewing\src\webserver">
      <UniqueIdentifier>{429491fd-1984-428b-a99a-fb69596f579a}</UniqueIdentifier>
    </Filter>
    <Filter Include="Header Files\Lacewing\src\webserver\http">
      <UniqueIdentifier>{57c8248a-ea42-4619-b576-2b1b7583a30d}</UniqueIdentifier>
    </Filter>
    <Filter Include="Header Files\Lacewing\deps">
      <UniqueIdentifier>{366eb6b9-2279-444a-a847-24ba467d30f6}</UniqueIdentifier>
    </Filter>
    <Filter Include="Header Files\Lacewing\deps\multipart-parser">
      <UniqueIdentifier>{4e8e6c9a-b35d-4bbb-8dbb-b3d752ea1324}</UniqueIdentifier>
    </Filter>
    <Filter Include="Header Files\Lacewing\deps\http-parser">
      <UniqueIdentifier>{480816f5-8497-4c00-afcf-1d2a2d97f577}</UniqueIdentifier>
    </Filter>
    <Filter Include="Header Files\Lacewing\deps\uthash">
      <UniqueIdentifier>{029ba3b3-5119-4575-bdae-45eb1aeb25b2}</UniqueIdentifier>
    </Filter>
    <Filter Include="Source Files\Lacewing\deps">
      <UniqueIdentifier>{5be8bdd4-8cf1-4b4a-936d-d9ba6557d559}</UniqueIdentifier>
    </Filter>
    <Filter Include="Source Files\Lacewing\deps\multipart-parser">
      <UniqueIdentifier>{0cf7c6ce-ecdc-4749-94e6-d6eea5020f32}</UniqueIdentifier>
    </Filter>
    <Filter Include="Source Files\Lacewing\deps\http-parser">
      <UniqueIdentifier>{0645920b-bacc-45ab-b3c6-93ce994cb50d}</UniqueIdentifier>
    </Filter>
  </ItemGroup>
  <ItemGroup>
    <ClCompile Include="Lacewing\RelayServer.cc">
      <Filter>Source Files\Lacewing</Filter>
    </ClCompile>
    <ClCompile Include="Lacewing\src\address.c">
      <Filter>Source Files\Lacewing\src</Filter>
    </ClCompile>
    <ClCompile Include="Lacewing\src\error.c">
      <Filter>Source Files\Lacewing\src</Filter>
    </ClCompile>
    <ClCompile Include="Lacewing\src\filter.c">
      <Filter>Source Files\Lacewing\src</Filter>
    </ClCompile>
    <ClCompile Include="Lacewing\src\flashpolicy.c">
      <Filter>Source Files\Lacewing\src</Filter>
    </ClCompile>
    <ClCompile Include="Lacewing\src\global.c">
      <Filter>Source Files\Lacewing\src</Filter>
    </ClCompile>
    <ClCompile Include="Lacewing\src\heapbuffer.c">
      <Filter>Source Files\Lacewing\src</Filter>
    </ClCompile>
    <ClCompile Include="Lacewing\src\list.c">
      <Filter>Source Files\Lacewing\src</Filter>
    </ClCompile>
    <ClCompile Include="Lacewing\src\nvhash.c">
      <Filter>Source Files\Lacewing\src</Filter>
    </ClCompile>
    <ClCompile Include="Lacewing\src\pipe.c">
      <Filter>Source Files\Lacewing\src</Filter>
    </ClCompile>
    <ClCompile Include="Lacewing\src\pump.c">
      <Filter>Source Files\Lacewing\src</Filter>
    </ClCompile>
    <ClCompile Include="Lacewing\src\refcount-dbg.c">
      <Filter>Source Files\Lacewing\src</Filter>
    </ClCompile>
    <ClCompile Include="Lacewing\src\stream.c">
      <Filter>Source Files\Lacewing\src</Filter>
    </ClCompile>
    <ClCompile Include="Lacewing\src\streamgraph.c">
      <Filter>Source Files\Lacewing\src</Filter>
    </ClCompile>
    <ClCompile Include="Lacewing\src\util.c">
      <Filter>Source Files\Lacewing\src</Filter>
    </ClCompile>
    <ClCompile Include="Lacewing\src\cxx\address2.cc">
      <Filter>Source Files\Lacewing\src\cxx</Filter>
    </ClCompile>
    <ClCompile Include="Lacewing\src\cxx\client2.cc">
      <Filter>Source Files\Lacewing\src\cxx</Filter>
    </ClCompile>
    <ClCompile Include="Lacewing\src\cxx\error2.cc">
      <Filter>Source Files\Lacewing\src\cxx</Filter>
    </ClCompile>
    <ClCompile Include="Lacewing\src\cxx\event2.cc">
      <Filter>Source Files\Lacewing\src\cxx</Filter>
    </ClCompile>
    <ClCompile Include="Lacewing\src\cxx\eventpump2.cc">
      <Filter>Source Files\Lacewing\src\cxx</Filter>
    </ClCompile>
    <ClCompile Include="Lacewing\src\cxx\fdstream2.cc">
      <Filter>Source Files\Lacewing\src\cxx</Filter>
    </ClCompile>
    <ClCompile Include="Lacewing\src\cxx\file2.cc">
      <Filter>Source Files\Lacewing\src\cxx</Filter>
    </ClCompile>
    <ClCompile Include="Lacewing\src\cxx\filter2.cc">
      <Filter>Source Files\Lacewing\src\cxx</Filter>
    </ClCompile>
    <ClCompile Include="Lacewing\src\cxx\flashpolicy2.cc">
      <Filter>Source Files\Lacewing\src\cxx</Filter>
    </ClCompile>
    <ClCompile Include="Lacewing\src\cxx\pipe2.cc">
      <Filter>Source Files\Lacewing\src\cxx</Filter>
    </ClCompile>
    <ClCompile Include="Lacewing\src\cxx\pump2.cc">
      <Filter>Source Files\Lacewing\src\cxx</Filter>
    </ClCompile>
    <ClCompile Include="Lacewing\src\cxx\server2.cc">
      <Filter>Source Files\Lacewing\src\cxx</Filter>
    </ClCompile>
    <ClCompile Include="Lacewing\src\cxx\stream2.cc">
      <Filter>Source Files\Lacewing\src\cxx</Filter>
    </ClCompile>
    <ClCompile Include="Lacewing\src\cxx\sync2.cc">
      <Filter>Source Files\Lacewing\src\cxx</Filter>
    </ClCompile>
    <ClCompile Include="Lacewing\src\cxx\thread2.cc">
      <Filter>Source Files\Lacewing\src\cxx</Filter>
    </ClCompile>
    <ClCompile Include="Lacewing\src\cxx\timer2.cc">
      <Filter>Source Files\Lacewing\src\cxx</Filter>
    </ClCompile>
    <ClCompile Include="Lacewing\src\cxx\udp2.cc">
      <Filter>Source Files\Lacewing\src\cxx</Filter>
    </ClCompile>
    <ClCompile Include="Lacewing\src\windows\client.c">
      <Filter>Source Files\Lacewing\src\windows</Filter>
    </ClCompile>
    <ClCompile Include="Lacewing\src\windows\compat.c">
      <Filter>Source Files\Lacewing\src\windows</Filter>
    </ClCompile>
    <ClCompile Include="Lacewing\src\windows\event.c">
      <Filter>Source Files\Lacewing\src\windows</Filter>
    </ClCompile>
    <ClCompile Include="Lacewing\src\windows\eventpump.c">
      <Filter>Source Files\Lacewing\src\windows</Filter>
    </ClCompile>
    <ClCompile Include="Lacewing\src\windows\fdstream.c">
      <Filter>Source Files\Lacewing\src\windows</Filter>
    </ClCompile>
    <ClCompile Include="Lacewing\src\windows\file.c">
      <Filter>Source Files\Lacewing\src\windows</Filter>
    </ClCompile>
    <ClCompile Include="Lacewing\src\windows\global2.c">
      <Filter>Source Files\Lacewing\src\windows</Filter>
    </ClCompile>
    <ClCompile Include="Lacewing\src\windows\server.c">
      <Filter>Source Files\Lacewing\src\windows</Filter>
    </ClCompile>
    <ClCompile Include="Lacewing\src\windows\sslclient.c">
      <Filter>Source Files\Lacewing\src\windows</Filter>
    </ClCompile>
    <ClCompile Include="Lacewing\src\windows\ssl\clientssl.c">
      <Filter>Source Files\Lacewing\src\windows</Filter>
    </ClCompile>
    <ClCompile Include="Lacewing\src\windows\ssl\serverssl.c">
      <Filter>Source Files\Lacewing\src\windows</Filter>
    </ClCompile>
    <ClCompile Include="Lacewing\src\windows\ssl\ssl.c">
      <Filter>Source Files\Lacewing\src\windows</Filter>
    </ClCompile>
    <ClCompile Include="Lacewing\src\windows\sync.c">
      <Filter>Source Files\Lacewing\src\windows</Filter>
    </ClCompile>
    <ClCompile Include="Lacewing\src\windows\thread.c">
      <Filter>Source Files\Lacewing\src\windows</Filter>
    </ClCompile>
    <ClCompile Include="Lacewing\src\windows\timer.c">
      <Filter>Source Files\Lacewing\src\windows</Filter>
    </ClCompile>
    <ClCompile Include="Lacewing\src\windows\udp.c">
      <Filter>Source Files\Lacewing\src\windows</Filter>
    </ClCompile>
    <ClCompile Include="Lacewing\PhiAddress.cc">
      <Filter>Source Files\Lacewing</Filter>
    </ClCompile>
    <ClCompile Include="Lacewing\ReadWriteLock.cc">
      <Filter>Source Files\Lacewing</Filter>
    </ClCompile>
    <ClCompile Include="Lacewing\CodePointAllowList.cpp">
      <Filter>Source Files\Lacewing</Filter>
    </ClCompile>
    <ClCompile Include="Lacewing\deps\utf8proc.c">
      <Filter>Source Files\Lacewing\deps</Filter>
    </ClCompile>
    <ClCompile Include="Lacewing\deps\utf8proc_data.c">
      <Filter>Source Files\Lacewing\deps</Filter>
    </ClCompile>
    <ClCompile Include="WindowsMain.cpp">
      <Filter>Source Files</Filter>
    </ClCompile>
    <ClCompile Include="Lacewing\src\webserver\mimetypes.c">
      <Filter>Source Files\Lacewing\src\webserver</Filter>
    </ClCompile>
    <ClCompile Include="Lacewing\src\webserver\multipart.c">
      <Filter>Source Files\Lacewing\src\webserver</Filter>
    </ClCompile>
    <ClCompile Include="Lacewing\src\webserver\request.c">
      <Filter>Source Files\Lacewing\src\webserver</Filter>
    </ClCompile>
    <ClCompile Include="Lacewing\src\webserver\sessions.c">
      <Filter>Source Files\Lacewing\src\webserver</Filter>
    </ClCompile>
    <ClCompile Include="Lacewing\src\webserver\upload.c">
      <Filter>Source Files\Lacewing\src\webserver</Filter>
    </ClCompile>
    <ClCompile Include="Lacewing\src\webserver\webserver.c">
      <Filter>Source Files\Lacewing\src\webserver</Filter>
    </ClCompile>
    <ClCompile Include="Lacewing\src\webserver\http\http-client.c">
      <Filter>Source Files\Lacewing\src\webserver\http</Filter>
    </ClCompile>
    <ClCompile Include="Lacewing\src\webserver\http\http-parse.c">
      <Filter>Source Files\Lacewing\src\webserver\http</Filter>
    </ClCompile>
    <ClCompile Include="Lacewing\deps\multipart-parser\multipart_parser.c">
      <Filter>Source Files\Lacewing\deps\multipart-parser</Filter>
    </ClCompile>
    <ClCompile Include="Lacewing\deps\http-parser\http_parser.c">
      <Filter>Source Files\Lacewing\deps\http-parser</Filter>
    </ClCompile>
    <ClCompile Include="Lacewing\src\cxx\webserver2.cc">
      <Filter>Source Files\Lacewing\src\cxx</Filter>
    </ClCompile>
  </ItemGroup>
  <ItemGroup>
    <ClInclude Include="ConsoleColors.hpp">
      <Filter>Header Files</Filter>
    </ClInclude>
    <ClInclude Include="Lacewing\IDPool.h">
      <Filter>Header Files\Lacewing</Filter>
    </ClInclude>
    <ClInclude Include="Lacewing\Lacewing.h">
      <Filter>Header Files\Lacewing</Filter>
    </ClInclude>
    <ClInclude Include="Lacewing\MessageBuilder.h">
      <Filter>Header Files\Lacewing</Filter>
    </ClInclude>
    <ClInclude Include="Lacewing\MessageReader.h">
      <Filter>Header Files\Lacewing</Filter>
    </ClInclude>
    <ClInclude Include="Lacewing\src\address.h">
      <Filter>Header Files\Lacewing\src</Filter>
    </ClInclude>
    <ClInclude Include="Lacewing\src\common.h">
      <Filter>Header Files\Lacewing\src</Filter>
    </ClInclude>
    <ClInclude Include="Lacewing\src\flashpolicy.h">
      <Filter>Header Files\Lacewing\src</Filter>
    </ClInclude>
    <ClInclude Include="Lacewing\src\heapbuffer-cxx.h">
      <Filter>Header Files\Lacewing\src</Filter>
    </ClInclude>
    <ClInclude Include="Lacewing\src\heapbuffer.h">
      <Filter>Header Files\Lacewing\src</Filter>
    </ClInclude>
    <ClInclude Include="Lacewing\src\nvhash.h">
      <Filter>Header Files\Lacewing\src</Filter>
    </ClInclude>
    <ClInclude Include="Lacewing\src\pump.h">
      <Filter>Header Files\Lacewing\src</Filter>
    </ClInclude>
    <ClInclude Include="Lacewing\src\refcount-dbg.h">
      <Filter>Header Files\Lacewing\src</Filter>
    </ClInclude>
    <ClInclude Include="Lacewing\src\refcount.h">
      <Filter>Header Files\Lacewing\src</Filter>
    </ClInclude>
    <ClInclude Include="Lacewing\src\stream.h">
      <Filter>Header Files\Lacewing\src</Filter>
    </ClInclude>
    <ClInclude Include="Lacewing\src\streamgraph.h">
      <Filter>Header Files\Lacewing\src</Filter>
    </ClInclude>
    <ClInclude Include="Lacewing\src\windows\common.h">
      <Filter>Header Files\Lacewing\src\windows</Filter>
    </ClInclude>
    <ClInclude Include="Lacewing\src\windows\compat.h">
      <Filter>Header Files\Lacewing\src\windows</Filter>
    </ClInclude>
    <ClInclude Include="Lacewing\src\windows\fdstream.h">
      <Filter>Header Files\Lacewing\src\windows</Filter>
    </ClInclude>
    <ClInclude Include="Lacewing\src\windows\sslclient.h">
      <Filter>Header Files\Lacewing\src\windows</Filter>
    </ClInclude>
    <ClInclude Include="Lacewing\src\windows\typeof.h">
      <Filter>Header Files\Lacewing\src\windows</Filter>
    </ClInclude>
    <ClInclude Include="Lacewing\FrameBuilder.h">
      <Filter>Header Files\Lacewing</Filter>
    </ClInclude>
    <ClInclude Include="Lacewing\FrameReader.h">
      <Filter>Header Files\Lacewing</Filter>
    </ClInclude>
    <ClInclude Include="Lacewing\deps\utf8proc.h">
      <Filter>Header Files\Lacewing\deps</Filter>
    </ClInclude>
    <ClInclude Include="Lacewing\deps\http-parser\http_parser.h">
      <Filter>Header Files\Lacewing\deps\http-parser</Filter>
    </ClInclude>
    <ClInclude Include="Lacewing\deps\multipart-parser\multipart_parser.h">
      <Filter>Header Files\Lacewing\deps\multipart-parser</Filter>
    </ClInclude>
    <ClInclude Include="Lacewing\deps\uthash\utarray.h">
      <Filter>Header Files\Lacewing\deps\uthash</Filter>
    </ClInclude>
    <ClInclude Include="Lacewing\deps\uthash\uthash.h">
      <Filter>Header Files\Lacewing\deps\uthash</Filter>
    </ClInclude>
    <ClInclude Include="Lacewing\deps\uthash\utlist.h">
      <Filter>Header Files\Lacewing\deps\uthash</Filter>
    </ClInclude>
    <ClInclude Include="Lacewing\deps\uthash\utstring.h">
      <Filter>Header Files\Lacewing\deps\uthash</Filter>
    </ClInclude>
    <ClInclude Include="Lacewing\src\webserver\http\http.h">
      <Filter>Header Files\Lacewing\src\webserver\http</Filter>
    </ClInclude>
    <ClInclude Include="Lacewing\src\webserver\common.h">
      <Filter>Header Files\Lacewing\src\webserver</Filter>
    </ClInclude>
    <ClInclude Include="Lacewing\src\webserver\multipart.h">
      <Filter>Header Files\Lacewing\src\webserver</Filter>
    </ClInclude>
  </ItemGroup>
</Project>