<?xml version="1.0" encoding="utf-8"?>
<Project ToolsVersion="4.0" xmlns="http://schemas.microsoft.com/developer/msbuild/2003">
  <ItemGroup>
    <ClCompile Include="Lacewing\src\unix\client.c">
      <Filter>Source Files\Lacewing\src\unix</Filter>
    </ClCompile>
    <ClCompile Include="Lacewing\src\unix\event.c">
      <Filter>Source Files\Lacewing\src\unix</Filter>
    </ClCompile>
    <ClCompile Include="Lacewing\src\unix\eventpump.c">
      <Filter>Source Files\Lacewing\src\unix</Filter>
    </ClCompile>
    <ClCompile Include="Lacewing\src\unix\fdstream.c">
      <Filter>Source Files\Lacewing\src\unix</Filter>
    </ClCompile>
    <ClCompile Include="Lacewing\src\unix\file.c">
      <Filter>Source Files\Lacewing\src\unix</Filter>
    </ClCompile>
    <ClCompile Include="Lacewing\src\unix\server.c">
      <Filter>Source Files\Lacewing\src\unix</Filter>
    </ClCompile>
    <ClCompile Include="Lacewing\src\unix\sync.c">
      <Filter>Source Files\Lacewing\src\unix</Filter>
    </ClCompile>
    <ClCompile Include="Lacewing\src\unix\thread.c">
      <Filter>Source Files\Lacewing\src\unix</Filter>
    </ClCompile>
    <ClCompile Include="Lacewing\src\unix\timer.c">
      <Filter>Source Files\Lacewing\src\unix</Filter>
    </ClCompile>
    <ClCompile Include="Lacewing\src\unix\udp.c">
      <Filter>Source Files\Lacewing\src\unix</Filter>
    </ClCompile>
    <ClCompile Include="Lacewing\src\unix\eventqueue\epoll.c">
      <Filter>Source Files\Lacewing\src\unix\eventqueue</Filter>
    </ClCompile>
    <ClCompile Include="Lacewing\CodePointAllowList.cpp">
      <Filter>Source Files\Lacewing</Filter>
    </ClCompile>
    <ClCompile Include="Lacewing\PhiAddress.cc">
      <Filter>Source Files\Lacewing</Filter>
    </ClCompile>
    <ClCompile Include="Lacewing\ReadWriteLock.cc">
      <Filter>Source Files\Lacewing</Filter>
    </ClCompile>
    <ClCompile Include="Lacewing\RelayServer.cc">
      <Filter>Source Files\Lacewing</Filter>
    </ClCompile>
    <ClCompile Include="Lacewing\src\address.c">
      <Filter>Source Files\Lacewing\src</Filter>
    </ClCompile>
    <ClCompile Include="Lacewing\src\error.c">
      <Filter>Source Files\Lacewing\src</Filter>
    </ClCompile>
    <ClCompile Include="Lacewing\src\filter.c">
      <Filter>Source Files\Lacewing\src</Filter>
    </ClCompile>
    <ClCompile Include="Lacewing\src\flashpolicy.c">
      <Filter>Source Files\Lacewing\src</Filter>
    </ClCompile>
    <ClCompile Include="Lacewing\src\global.c">
      <Filter>Source Files\Lacewing\src</Filter>
    </ClCompile>
    <ClCompile Include="Lacewing\src\heapbuffer.c">
      <Filter>Source Files\Lacewing\src</Filter>
    </ClCompile>
    <ClCompile Include="Lacewing\src\list.c">
      <Filter>Source Files\Lacewing\src</Filter>
    </ClCompile>
    <ClCompile Include="Lacewing\src\nvhash.c">
      <Filter>Source Files\Lacewing\src</Filter>
    </ClCompile>
    <ClCompile Include="Lacewing\src\pipe.c">
      <Filter>Source Files\Lacewing\src</Filter>
    </ClCompile>
    <ClCompile Include="Lacewing\src\pump.c">
      <Filter>Source Files\Lacewing\src</Filter>
    </ClCompile>
    <ClCompile Include="Lacewing\src\refcount-dbg.c">
      <Filter>Source Files\Lacewing\src</Filter>
    </ClCompile>
    <ClCompile Include="Lacewing\src\stream.c">
      <Filter>Source Files\Lacewing\src</Filter>
    </ClCompile>
    <ClCompile Include="Lacewing\src\streamgraph.c">
      <Filter>Source Files\Lacewing\src</Filter>
    </ClCompile>
    <ClCompile Include="Lacewing\src\util.c">
      <Filter>Source Files\Lacewing\src</Filter>
    </ClCompile>
    <ClCompile Include="Lacewing\src\cxx\address2.cc">
      <Filter>Source Files\Lacewing\src\cxx</Filter>
    </ClCompile>
    <ClCompile Include="Lacewing\src\cxx\client2.cc">
      <Filter>Source Files\Lacewing\src\cxx</Filter>
    </ClCompile>
    <ClCompile Include="Lacewing\src\cxx\error2.cc">
      <Filter>Source Files\Lacewing\src\cxx</Filter>
    </ClCompile>
    <ClCompile Include="Lacewing\src\cxx\event2.cc">
      <Filter>Source Files\Lacewing\src\cxx</Filter>
    </ClCompile>
    <ClCompile Include="Lacewing\src\cxx\eventpump2.cc">
      <Filter>Source Files\Lacewing\src\cxx</Filter>
    </ClCompile>
    <ClCompile Include="Lacewing\src\cxx\fdstream2.cc">
      <Filter>Source Files\Lacewing\src\cxx</Filter>
    </ClCompile>
    <ClCompile Include="Lacewing\src\cxx\file2.cc">
      <Filter>Source Files\Lacewing\src\cxx</Filter>
    </ClCompile>
    <ClCompile Include="Lacewing\src\cxx\filter2.cc">
      <Filter>Source Files\Lacewing\src\cxx</Filter>
    </ClCompile>
    <ClCompile Include="Lacewing\src\cxx\flashpolicy2.cc">
      <Filter>Source Files\Lacewing\src\cxx</Filter>
    </ClCompile>
    <ClCompile Include="Lacewing\src\cxx\pipe2.cc">
      <Filter>Source Files\Lacewing\src\cxx</Filter>
    </ClCompile>
    <ClCompile Include="Lacewing\src\cxx\pump2.cc">
      <Filter>Source Files\Lacewing\src\cxx</Filter>
    </ClCompile>
    <ClCompile Include="Lacewing\src\cxx\server2.cc">
      <Filter>Source Files\Lacewing\src\cxx</Filter>
    </ClCompile>
    <ClCompile Include="Lacewing\src\cxx\stream2.cc">
      <Filter>Source Files\Lacewing\src\cxx</Filter>
    </ClCompile>
    <ClCompile Include="Lacewing\src\cxx\sync2.cc">
      <Filter>Source Files\Lacewing\src\cxx</Filter>
    </ClCompile>
    <ClCompile Include="Lacewing\src\cxx\thread2.cc">
      <Filter>Source Files\Lacewing\src\cxx</Filter>
    </ClCompile>
    <ClCompile Include="Lacewing\src\cxx\timer2.cc">
      <Filter>Source Files\Lacewing\src\cxx</Filter>
    </ClCompile>
    <ClCompile Include="Lacewing\src\cxx\udp2.cc">
      <Filter>Source Files\Lacewing\src\cxx</Filter>
    </ClCompile>
    <ClCompile Include="Lacewing\deps\utf8proc.c">
      <Filter>Source Files\Lacewing\deps</Filter>
    </ClCompile>
    <ClCompile Include="Lacewing\deps\utf8proc_data.c">
      <Filter>Source Files\Lacewing\deps</Filter>
    </ClCompile>
    <ClCompile Include="POSIXMain.cpp">
      <Filter>Source Files</Filter>
    </ClCompile>
    <ClCompile Include="Lacewing\src\unix\global2.c">
      <Filter>Source Files\Lacewing\src\unix</Filter>
    </ClCompile>
    <ClCompile Include="Lacewing\src\cxx\webserver2.cc">
      <Filter>Source Files\Lacewing\src\cxx</Filter>
    </ClCompile>
    <ClCompile Include="Lacewing\deps\http-parser\http_parser.c">
      <Filter>Source Files\Lacewing\deps\http-parser</Filter>
    </ClCompile>
    <ClCompile Include="Lacewing\src\webserver\mimetypes.c">
      <Filter>Source Files\Lacewing\src\webserver</Filter>
    </ClCompile>
    <ClCompile Include="Lacewing\src\webserver\multipart.c">
      <Filter>Source Files\Lacewing\src\webserver</Filter>
    </ClCompile>
    <ClCompile Include="Lacewing\src\webserver\request.c">
      <Filter>Source Files\Lacewing\src\webserver</Filter>
    </ClCompile>
    <ClCompile Include="Lacewing\src\webserver\sessions.c">
      <Filter>Source Files\Lacewing\src\webserver</Filter>
    </ClCompile>
    <ClCompile Include="Lacewing\src\webserver\upload.c">
      <Filter>Source Files\Lacewing\src\webserver</Filter>
    </ClCompile>
    <ClCompile Include="Lacewing\src\webserver\webserver.c">
      <Filter>Source Files\Lacewing\src\webserver</Filter>
    </ClCompile>
    <ClCompile Include="Lacewing\src\webserver\http\http-client.c">
      <Filter>Source Files\Lacewing\src\webserver\http</Filter>
    </ClCompile>
    <ClCompile Include="Lacewing\src\webserver\http\http-parse.c">
      <Filter>Source Files\Lacewing\src\webserver\http</Filter>
    </ClCompile>
    <ClCompile Include="Lacewing\src\openssl\sslclient.c">
      <Filter>Source Files\Lacewing\src\openssl</Filter>
    </ClCompile>
    <ClCompile Include="Lacewing\deps\multipart-parser\multipart_parser.c">
      <Filter>Source Files\Lacewing\deps\multipart-parser</Filter>
    </ClCompile>
  </ItemGroup>
  <ItemGroup>
    <Filter Include="Header Files">
      <UniqueIdentifier>{6b7f3dd4-0ac4-43c5-b1df-9ef762478d9e}</UniqueIdentifier>
    </Filter>
    <Filter Include="Header Files\Lacewing">
      <UniqueIdentifier>{45d68fe1-29a2-4595-8a08-898cce59dbd0}</UniqueIdentifier>
    </Filter>
    <Filter Include="Header Files\Lacewing\src">
      <UniqueIdentifier>{71ba31b0-12b9-4dda-855a-030f833b61c3}</UniqueIdentifier>
    </Filter>
    <Filter Include="Source Files">
      <UniqueIdentifier>{436bf31e-0942-4a19-9f32-42a54942d912}</UniqueIdentifier>
    </Filter>
    <Filter Include="Source Files\Lacewing">
      <UniqueIdentifier>{982dbb35-885f-48ae-911f-b82b765cad35}</UniqueIdentifier>
    </Filter>
    <Filter Include="Source Files\Lacewing\src">
      <UniqueIdentifier>{e2748dbf-97e2-4e5f-b6f5-3d9b3301d16f}</UniqueIdentifier>
    </Filter>
    <Filter Include="Source Files\Lacewing\src\unix">
      <UniqueIdentifier>{404c474c-ee3e-4d9b-a194-ec548e7a5d3c}</UniqueIdentifier>
    </Filter>
    <Filter Include="Source Files\Lacewing\src\unix\eventqueue">
      <UniqueIdentifier>{5a8c290c-685a-4ee8-9d9c-c11be3451c29}</UniqueIdentifier>
    </Filter>
    <Filter Include="Source Files\Lacewing\src\cxx">
      <UniqueIdentifier>{197c916d-40d7-482f-8ee9-79242d8b7a89}</UniqueIdentifier>
    </Filter>
    <Filter Include="Header Files\Lacewing\src\unix">
      <UniqueIdentifier>{fe34474d-8482-4b5b-995e-3b2725129576}</UniqueIdentifier>
    </Filter>
    <Filter Include="Header Files\Lacewing\src\unix\eventqueue">
      <UniqueIdentifier>{385abb9a-7b1f-4d40-b648-aeb462ca7633}</UniqueIdentifier>
    </Filter>
    <Filter Include="Source Files\Lacewing\src\webserver">
      <UniqueIdentifier>{e03d87d4-a439-4d31-800a-576fc3cbfcf9}</UniqueIdentifier>
    </Filter>
    <Filter Include="Source Files\Lacewing\src\webserver\http">
      <UniqueIdentifier>{f25e30bf-5791-477d-996e-6336b6647938}</UniqueIdentifier>
    </Filter>
    <Filter Include="Source Files\Lacewing\src\openssl">
      <UniqueIdentifier>{e0881888-e09f-4389-9ca8-dd18345e848a}</UniqueIdentifier>
    </Filter>
    <Filter Include="Header Files\Lacewing\src\webserver">
      <UniqueIdentifier>{419ac600-69d5-43d2-a36c-ec23fc4684c7}</UniqueIdentifier>
    </Filter>
    <Filter Include="Header Files\Lacewing\src\webserver\http">
      <UniqueIdentifier>{c9e8dda6-9c53-47b4-b29b-21a01511e53f}</UniqueIdentifier>
    </Filter>
    <Filter Include="Header Files\Lacewing\src\openssl">
      <UniqueIdentifier>{396081b6-6f7b-462a-a084-51b99197bf97}</UniqueIdentifier>
    </Filter>
    <Filter Include="Header Files\Lacewing\deps">
      <UniqueIdentifier>{4edbc167-289d-4e66-b4a6-2acee0ac278e}</UniqueIdentifier>
    </Filter>
    <Filter Include="Header Files\Lacewing\deps\uthash">
      <UniqueIdentifier>{c6baa449-9ca3-4e95-a526-0a38f47c6951}</UniqueIdentifier>
    </Filter>
    <Filter Include="Header Files\Lacewing\deps\http-parser">
      <UniqueIdentifier>{107b684f-2520-4c07-9ad2-0f5837aff6c7}</UniqueIdentifier>
    </Filter>
    <Filter Include="Header Files\Lacewing\deps\multipart-parser">
      <UniqueIdentifier>{7f366758-551a-4145-b96b-7bee82b83d42}</UniqueIdentifier>
    </Filter>
    <Filter Include="Source Files\Lacewing\deps">
      <UniqueIdentifier>{f00c82ab-3cbc-44d5-b81a-bcb32aa4ec1d}</UniqueIdentifier>
    </Filter>
    <Filter Include="Source Files\Lacewing\deps\http-parser">
      <UniqueIdentifier>{a0a66168-1065-4d7a-9c99-17f7b06e2b03}</UniqueIdentifier>
    </Filter>
    <Filter Include="Source Files\Lacewing\deps\multipart-parser">
      <UniqueIdentifier>{6c79b88f-dd69-4e57-82ac-f3a354d0d745}</UniqueIdentifier>
    </Filter>
  </ItemGroup>
  <ItemGroup>
    <ClInclude Include="ConsoleColors.hpp">
      <Filter>Header Files</Filter>
    </ClInclude>
    <ClInclude Include="Lacewing\FrameBuilder.h">
      <Filter>Header Files\Lacewing</Filter>
    </ClInclude>
    <ClInclude Include="Lacewing\FrameReader.h">
      <Filter>Header Files\Lacewing</Filter>
    </ClInclude>
    <ClInclude Include="Lacewing\IDPool.h">
      <Filter>Header Files\Lacewing</Filter>
    </ClInclude>
    <ClInclude Include="Lacewing\Lacewing.h">
      <Filter>Header Files\Lacewing</Filter>
    </ClInclude>
    <ClInclude Include="Lacewing\MessageBuilder.h">
      <Filter>Header Files\Lacewing</Filter>
    </ClInclude>
    <ClInclude Include="Lacewing\MessageReader.h">
      <Filter>Header Files\Lacewing</Filter>
    </ClInclude>
    <ClInclude Include="Lacewing\deps\utf8proc.h">
      <Filter>Header Files\Lacewing\deps</Filter>
    </ClInclude>
    <ClInclude Include="Lacewing\src\address.h">
      <Filter>Header Files\Lacewing\src</Filter>
    </ClInclude>
    <ClInclude Include="Lacewing\src\common.h">
      <Filter>Header Files\Lacewing\src</Filter>
    </ClInclude>
    <ClInclude Include="Lacewing\src\flashpolicy.h">
      <Filter>Header Files\Lacewing\src</Filter>
    </ClInclude>
    <ClInclude Include="Lacewing\src\heapbuffer.h">
      <Filter>Header Files\Lacewing\src</Filter>
    </ClInclude>
    <ClInclude Include="Lacewing\src\heapbuffer-cxx.h">
      <Filter>Header Files\Lacewing\src</Filter>
    </ClInclude>
    <ClInclude Include="Lacewing\src\list.h">
      <Filter>Header Files\Lacewing\src</Filter>
    </ClInclude>
    <ClInclude Include="Lacewing\src\nvhash.h">
      <Filter>Header Files\Lacewing\src</Filter>
    </ClInclude>
    <ClInclude Include="Lacewing\src\pump.h">
      <Filter>Header Files\Lacewing\src</Filter>
    </ClInclude>
    <ClInclude Include="Lacewing\src\refcount.h">
      <Filter>Header Files\Lacewing\src</Filter>
    </ClInclude>
    <ClInclude Include="Lacewing\src\refcount-dbg.h">
      <Filter>Header Files\Lacewing\src</Filter>
    </ClInclude>
    <ClInclude Include="Lacewing\src\stream.h">
      <Filter>Header Files\Lacewing\src</Filter>
    </ClInclude>
    <ClInclude Include="Lacewing\src\streamgraph.h">
      <Filter>Header Files\Lacewing\src</Filter>
    </ClInclude>
    <ClInclude Include="Lacewing\src\unix\common.h">
      <Filter>Header Files\Lacewing\src\unix</Filter>
    </ClInclude>
    <ClInclude Include="Lacewing\src\unix\eventpump.h">
      <Filter>Header Files\Lacewing\src\unix</Filter>
    </ClInclude>
    <ClInclude Include="Lacewing\src\unix\fdstream.h">
      <Filter>Header Files\Lacewing\src\unix</Filter>
    </ClInclude>
    <ClInclude Include="Lacewing\src\unix\eventqueue\eventqueue.h">
      <Filter>Header Files\Lacewing\src\unix\eventqueue</Filter>
    </ClInclude>
    <ClInclude Include="Lacewing\src\unix\unix config.h">
      <Filter>Header Files\Lacewing\src\unix</Filter>
    </ClInclude>
    <ClInclude Include="Lacewing\deps\uthash\utarray.h">
      <Filter>Header Files\Lacewing\deps\uthash</Filter>
    </ClInclude>
    <ClInclude Include="Lacewing\deps\uthash\uthash.h">
      <Filter>Header Files\Lacewing\deps\uthash</Filter>
    </ClInclude>
    <ClInclude Include="Lacewing\deps\uthash\utlist.h">
      <Filter>Header Files\Lacewing\deps\uthash</Filter>
    </ClInclude>
    <ClInclude Include="Lacewing\deps\uthash\utstring.h">
      <Filter>Header Files\Lacewing\deps\uthash</Filter>
    </ClInclude>
    <ClInclude Include="Lacewing\deps\http-parser\http_parser.h">
      <Filter>Header Files\Lacewing\deps\http-parser</Filter>
    </ClInclude>
    <ClInclude Include="Lacewing\deps\multipart-parser\multipart_parser.h">
      <Filter>Header Files\Lacewing\deps\multipart-parser</Filter>
    </ClInclude>
    <ClInclude Include="Lacewing\src\webserver\common.h">
      <Filter>Header Files\Lacewing\src\webserver</Filter>
    </ClInclude>
    <ClInclude Include="Lacewing\src\webserver\multipart.h">
      <Filter>Header Files\Lacewing\src\webserver</Filter>
    </ClInclude>
    <ClInclude Include="Lacewing\src\webserver\http\http.h">
      <Filter>Header Files\Lacewing\src\webserver\http</Filter>
    </ClInclude>
    <ClInclude Include="Lacewing\src\openssl\sslclient.h">
      <Filter>Header Files\Lacewing\src\openssl</Filter>
    </ClInclude>
  </ItemGroup>
</Project>